
Microsoft Visual Studio Solution File, Format Version 12.00
# Visual Studio Version 16
VisualStudioVersion = 16.0.29911.84
MinimumVisualStudioVersion = 10.0.40219.1
Project("{FAE04EC0-301F-11D3-BF4B-00C04F79EFBC}") = "ReporteAlumnos", "ReporteAlumnos.csproj", "{75B80F5B-6291-49D9-B67F-CFDC929C4E33}"
EndProject
Global
	GlobalSection(SolutionConfigurationPlatforms) = preSolution
		Debug|Any CPU = Debug|Any CPU
		Release|Any CPU = Release|Any CPU
	EndGlobalSection
	GlobalSection(ProjectConfigurationPlatforms) = postSolution
		{75B80F5B-6291-49D9-B67F-CFDC929C4E33}.Debug|Any CPU.ActiveCfg = Debug|Any CPU
		{75B80F5B-6291-49D9-B67F-CFDC929C4E33}.Debug|Any CPU.Build.0 = Debug|Any CPU
		{75B80F5B-6291-49D9-B67F-CFDC929C4E33}.Release|Any CPU.ActiveCfg = Release|Any CPU
		{75B80F5B-6291-49D9-B67F-CFDC929C4E33}.Release|Any CPU.Build.0 = Release|Any CPU
	EndGlobalSection
	GlobalSection(SolutionProperties) = preSolution
		HideSolutionNode = FALSE
	EndGlobalSection
	GlobalSection(ExtensibilityGlobals) = postSolution
		SolutionGuid = {6CB032FC-DA85-49C5-BD53-84156A00BB34}
	EndGlobalSection
EndGlobal
